
Microsoft Visual Studio Solution File, Format Version 12.00
# Visual Studio 14
VisualStudioVersion = 14.0.25420.1
MinimumVisualStudioVersion = 10.0.40219.1
Project("{FAE04EC0-301F-11D3-BF4B-00C04F79EFBC}") = "AjsWebApp", "AjsWebApp\AjsWebApp.csproj", "{F50EB30F-7563-41D2-B64D-C1588509A691}"
EndProject
Project("{FAE04EC0-301F-11D3-BF4B-00C04F79EFBC}") = "AjsDoc.Boot", "AjsDoc.Boot\AjsDoc.Boot.csproj", "{A2364045-660D-4D2A-8C0E-DD57B87FC61B}"
EndProject
Project("{FAE04EC0-301F-11D3-BF4B-00C04F79EFBC}") = "Ajs", "Ajs\Ajs.csproj", "{267086DA-AB24-4D8D-BD5F-D7D3B3D7DB67}"
EndProject
Project("{FAE04EC0-301F-11D3-BF4B-00C04F79EFBC}") = "Ajs.Lib", "Ajs.Lib\Ajs.Lib.csproj", "{42E6F448-ACFE-451C-A63A-63030FB59D56}"
EndProject
Project("{FAE04EC0-301F-11D3-BF4B-00C04F79EFBC}") = "AjsDoc.Lib", "AjsDoc.Lib\AjsDoc.Lib.csproj", "{9840C9AC-D37C-42C3-8C0A-05E9F6233379}"
EndProject
Project("{FAE04EC0-301F-11D3-BF4B-00C04F79EFBC}") = "AjsDoc", "AjsDoc\AjsDoc.csproj", "{C63B3A20-1C93-4096-BB84-B9568AD06D9B}"
EndProject
Global
	GlobalSection(SolutionConfigurationPlatforms) = preSolution
		Debug|Any CPU = Debug|Any CPU
		Release|Any CPU = Release|Any CPU
	EndGlobalSection
	GlobalSection(ProjectConfigurationPlatforms) = postSolution
		{F50EB30F-7563-41D2-B64D-C1588509A691}.Debug|Any CPU.ActiveCfg = Debug|Any CPU
		{F50EB30F-7563-41D2-B64D-C1588509A691}.Debug|Any CPU.Build.0 = Debug|Any CPU
		{F50EB30F-7563-41D2-B64D-C1588509A691}.Release|Any CPU.ActiveCfg = Release|Any CPU
		{F50EB30F-7563-41D2-B64D-C1588509A691}.Release|Any CPU.Build.0 = Release|Any CPU
		{A2364045-660D-4D2A-8C0E-DD57B87FC61B}.Debug|Any CPU.ActiveCfg = Debug|Any CPU
		{A2364045-660D-4D2A-8C0E-DD57B87FC61B}.Debug|Any CPU.Build.0 = Debug|Any CPU
		{A2364045-660D-4D2A-8C0E-DD57B87FC61B}.Release|Any CPU.ActiveCfg = Release|Any CPU
		{A2364045-660D-4D2A-8C0E-DD57B87FC61B}.Release|Any CPU.Build.0 = Release|Any CPU
		{267086DA-AB24-4D8D-BD5F-D7D3B3D7DB67}.Debug|Any CPU.ActiveCfg = Debug|Any CPU
		{267086DA-AB24-4D8D-BD5F-D7D3B3D7DB67}.Debug|Any CPU.Build.0 = Debug|Any CPU
		{267086DA-AB24-4D8D-BD5F-D7D3B3D7DB67}.Release|Any CPU.ActiveCfg = Release|Any CPU
		{267086DA-AB24-4D8D-BD5F-D7D3B3D7DB67}.Release|Any CPU.Build.0 = Release|Any CPU
		{42E6F448-ACFE-451C-A63A-63030FB59D56}.Debug|Any CPU.ActiveCfg = Debug|Any CPU
		{42E6F448-ACFE-451C-A63A-63030FB59D56}.Debug|Any CPU.Build.0 = Debug|Any CPU
		{42E6F448-ACFE-451C-A63A-63030FB59D56}.Release|Any CPU.ActiveCfg = Release|Any CPU
		{42E6F448-ACFE-451C-A63A-63030FB59D56}.Release|Any CPU.Build.0 = Release|Any CPU
		{9840C9AC-D37C-42C3-8C0A-05E9F6233379}.Debug|Any CPU.ActiveCfg = Debug|Any CPU
		{9840C9AC-D37C-42C3-8C0A-05E9F6233379}.Debug|Any CPU.Build.0 = Debug|Any CPU
		{9840C9AC-D37C-42C3-8C0A-05E9F6233379}.Release|Any CPU.ActiveCfg = Release|Any CPU
		{9840C9AC-D37C-42C3-8C0A-05E9F6233379}.Release|Any CPU.Build.0 = Release|Any CPU
		{C63B3A20-1C93-4096-BB84-B9568AD06D9B}.Debug|Any CPU.ActiveCfg = Debug|Any CPU
		{C63B3A20-1C93-4096-BB84-B9568AD06D9B}.Debug|Any CPU.Build.0 = Debug|Any CPU
		{C63B3A20-1C93-4096-BB84-B9568AD06D9B}.Release|Any CPU.ActiveCfg = Release|Any CPU
		{C63B3A20-1C93-4096-BB84-B9568AD06D9B}.Release|Any CPU.Build.0 = Release|Any CPU
	EndGlobalSection
	GlobalSection(SolutionProperties) = preSolution
		HideSolutionNode = FALSE
	EndGlobalSection
EndGlobal
